
Microsoft Visual Studio Solution File, Format Version 12.00
# Visual Studio Version 16
VisualStudioVersion = 16.0.31205.134
MinimumVisualStudioVersion = 10.0.40219.1
Project("{9A19103F-16F7-4668-BE54-9A1E7A4F7556}") = "Pipeline", "Pipeline\Pipeline.csproj", "{8F036764-E6E2-43E2-BFD2-5C0B6355A224}"
EndProject
Project("{2150E333-8FDC-42A3-9474-1A3956D46DE8}") = "Solution Items", "Solution Items", "{6DB5E743-9B1C-4224-BE3C-EDC3C224CEBC}"
	ProjectSection(SolutionItems) = preProject
		.editorconfig = .editorconfig
	EndProjectSection
EndProject
Global
	GlobalSection(SolutionConfigurationPlatforms) = preSolution
		Debug|Any CPU = Debug|Any CPU
		Release|Any CPU = Release|Any CPU
	EndGlobalSection
	GlobalSection(ProjectConfigurationPlatforms) = postSolution
		{8F036764-E6E2-43E2-BFD2-5C0B6355A224}.Debug|Any CPU.ActiveCfg = Debug|Any CPU
		{8F036764-E6E2-43E2-BFD2-5C0B6355A224}.Debug|Any CPU.Build.0 = Debug|Any CPU
		{8F036764-E6E2-43E2-BFD2-5C0B6355A224}.Release|Any CPU.ActiveCfg = Release|Any CPU
		{8F036764-E6E2-43E2-BFD2-5C0B6355A224}.Release|Any CPU.Build.0 = Release|Any CPU
	EndGlobalSection
	GlobalSection(SolutionProperties) = preSolution
		HideSolutionNode = FALSE
	EndGlobalSection
	GlobalSection(ExtensibilityGlobals) = postSolution
		SolutionGuid = {60B3C607-D86C-47F1-8FA5-29AA3B5C5B11}
	EndGlobalSection
EndGlobal
